
Microsoft Visual Studio Solution File, Format Version 12.00
# Visual Studio Version 16
VisualStudioVersion = 16.0.29306.81
MinimumVisualStudioVersion = 10.0.40219.1
Project("{FAE04EC0-301F-11D3-BF4B-00C04F79EFBC}") = "BasicOperations", "BasicOperations\BasicOperations.csproj", "{98F55569-9DC5-4A61-9E67-D69BC055C3FF}"
EndProject
Global
	GlobalSection(SolutionConfigurationPlatforms) = preSolution
		Debug|Any CPU = Debug|Any CPU
		Release|Any CPU = Release|Any CPU
	EndGlobalSection
	GlobalSection(ProjectConfigurationPlatforms) = postSolution
		{98F55569-9DC5-4A61-9E67-D69BC055C3FF}.Debug|Any CPU.ActiveCfg = Debug|Any CPU
		{98F55569-9DC5-4A61-9E67-D69BC055C3FF}.Debug|Any CPU.Build.0 = Debug|Any CPU
		{98F55569-9DC5-4A61-9E67-D69BC055C3FF}.Release|Any CPU.ActiveCfg = Release|Any CPU
		{98F55569-9DC5-4A61-9E67-D69BC055C3FF}.Release|Any CPU.Build.0 = Release|Any CPU
	EndGlobalSection
	GlobalSection(SolutionProperties) = preSolution
		HideSolutionNode = FALSE
	EndGlobalSection
	GlobalSection(ExtensibilityGlobals) = postSolution
		SolutionGuid = {1AC79F81-3304-46D6-AB8A-72B42A8F0FC7}
	EndGlobalSection
EndGlobal
