
Microsoft Visual Studio Solution File, Format Version 12.00
# Visual Studio Version 16
VisualStudioVersion = 16.0.29306.81
MinimumVisualStudioVersion = 10.0.40219.1
Project("{FAE04EC0-301F-11D3-BF4B-00C04F79EFBC}") = "StaticAndPassValRef", "StaticAndPassValRef\StaticAndPassValRef.csproj", "{AACC840C-2F45-4F51-AD67-3DA40BB0D737}"
EndProject
Global
	GlobalSection(SolutionConfigurationPlatforms) = preSolution
		Debug|Any CPU = Debug|Any CPU
		Release|Any CPU = Release|Any CPU
	EndGlobalSection
	GlobalSection(ProjectConfigurationPlatforms) = postSolution
		{AACC840C-2F45-4F51-AD67-3DA40BB0D737}.Debug|Any CPU.ActiveCfg = Debug|Any CPU
		{AACC840C-2F45-4F51-AD67-3DA40BB0D737}.Debug|Any CPU.Build.0 = Debug|Any CPU
		{AACC840C-2F45-4F51-AD67-3DA40BB0D737}.Release|Any CPU.ActiveCfg = Release|Any CPU
		{AACC840C-2F45-4F51-AD67-3DA40BB0D737}.Release|Any CPU.Build.0 = Release|Any CPU
	EndGlobalSection
	GlobalSection(SolutionProperties) = preSolution
		HideSolutionNode = FALSE
	EndGlobalSection
	GlobalSection(ExtensibilityGlobals) = postSolution
		SolutionGuid = {FC71AD0D-6468-4B21-80F3-A1F0383E02B7}
	EndGlobalSection
EndGlobal
